# THIS IS AN AUTOGENERATED FILE. DO NOT EDIT THIS FILE DIRECTLY.
# yarn lockfile v1


"@sentry/browser@7.7.0":
  version "7.7.0"
  resolved "https://registry.yarnpkg.com/@sentry/browser/-/browser-7.7.0.tgz#7810ee98d4969bd0367e29ac0af6c5779db7e6c4"
  integrity sha512-oyzpWcsjVZTaf14zAL89Ng1DUHlbjN+V8pl8dR9Y9anphbzL5BK9p0fSK4kPIrO4GukK+XrKnLJDPuE/o7WR3g==
  dependencies:
    "@sentry/core" "7.7.0"
    "@sentry/types" "7.7.0"
    "@sentry/utils" "7.7.0"
    tslib "^1.9.3"

"@sentry/core@7.7.0":
  version "7.7.0"
  resolved "https://registry.yarnpkg.com/@sentry/core/-/core-7.7.0.tgz#1a2d477897552d179380f7c54c7d81a4e98ea29a"
  integrity sha512-Z15ACiuiFINFcK4gbMrnejLn4AVjKBPJOWKrrmpIe8mh+Y9diOuswt5mMUABs+jhpZvqht3PBLLGBL0WMsYMYA==
  dependencies:
    "@sentry/hub" "7.7.0"
    "@sentry/types" "7.7.0"
    "@sentry/utils" "7.7.0"
    tslib "^1.9.3"

"@sentry/hub@7.7.0":
  version "7.7.0"
  resolved "https://registry.yarnpkg.com/@sentry/hub/-/hub-7.7.0.tgz#9ad3471cf5ecaf1a9d3a3a04ca2515ffec9e2c09"
  integrity sha512-6gydK234+a0nKhBRDdIJ7Dp42CaiW2juTiHegUVDq+482balVzbZyEAmESCmuzKJhx5BhlCElVxs/cci1NjMpg==
  dependencies:
    "@sentry/types" "7.7.0"
    "@sentry/utils" "7.7.0"
    tslib "^1.9.3"

"@sentry/react@^7.7.0":
  version "7.7.0"
  resolved "https://registry.yarnpkg.com/@sentry/react/-/react-7.7.0.tgz#a519dd727f863c1abf1a77beac01a3336c856828"
  integrity sha512-93Khad3YAln6mKU9E15QH09XC1ARIOpNTRpnBl6AGl3bVhSdLExsbKDLa7Rx0mW2j4z/prOC6VEHf5mBvg4mPg==
  dependencies:
    "@sentry/browser" "7.7.0"
    "@sentry/types" "7.7.0"
    "@sentry/utils" "7.7.0"
    hoist-non-react-statics "^3.3.2"
    tslib "^1.9.3"

"@sentry/tracing@^7.7.0":
  version "7.7.0"
  resolved "https://registry.yarnpkg.com/@sentry/tracing/-/tracing-7.7.0.tgz#67324b755a28e115289755e44a0b8b467a63d0b2"
  integrity sha512-HNmvTwemuc21q/K6HXsSp9njkne6N1JQ71TB+QGqYU5VtxsVgYSUhhYqV6WcHz7LK4Hj6TvNFoeu69/rO0ysgw==
  dependencies:
    "@sentry/hub" "7.7.0"
    "@sentry/types" "7.7.0"
    "@sentry/utils" "7.7.0"
    tslib "^1.9.3"

"@sentry/types@7.7.0":
  version "7.7.0"
  resolved "https://registry.yarnpkg.com/@sentry/types/-/types-7.7.0.tgz#dd6bd3d119d7efea0e85dbaa4b17de1c22b63c7a"
  integrity sha512-4x8O7uerSGLnYC10krHl9t8h7xXHn5FextqKYbTCXCnx2hC8D+9lz8wcbQAFo0d97wiUYqI8opmEgFVGx7c5hQ==

"@sentry/utils@7.7.0":
  version "7.7.0"
  resolved "https://registry.yarnpkg.com/@sentry/utils/-/utils-7.7.0.tgz#013e3097c4268a76de578494c7df999635fb0ad4"
  integrity sha512-fD+ROSFpeJlK7bEvUT2LOW7QqgjBpXJwVISKZ0P2fuzclRC3KoB2pbZgBM4PXMMTiSzRGWhvfRRjBiBvQJBBJQ==
  dependencies:
    "@sentry/types" "7.7.0"
    tslib "^1.9.3"

hoist-non-react-statics@^3.3.2:
  version "3.3.2"
  resolved "https://registry.yarnpkg.com/hoist-non-react-statics/-/hoist-non-react-statics-3.3.2.tgz#ece0acaf71d62c2969c2ec59feff42a4b1a85b45"
  integrity sha512-/gGivxi8JPKWNm/W0jSmzcMPpfpPLc3dY/6GxhX2hQ9iGj3aDfklV4ET7NjKpSinLpJ5vafa9iiGIEZg10SfBw==
  dependencies:
    react-is "^16.7.0"

react-is@^16.7.0:
  version "16.13.1"
  resolved "https://registry.yarnpkg.com/react-is/-/react-is-16.13.1.tgz#789729a4dc36de2999dc156dd6c1d9c18cea56a4"
  integrity sha512-24e6ynE2H+OKt4kqsOvNd8kBpV65zoxbA4BVsEOB3ARVWQki/DHzaUoC5KuON/BiccDaCCTZBuOcfZs70kR8bQ==

tslib@^1.9.3:
  version "1.14.1"
  resolved "https://registry.yarnpkg.com/tslib/-/tslib-1.14.1.tgz#cf2d38bdc34a134bcaf1091c41f6619e2f672d00"
  integrity sha512-Xni35NKzjgMrwevysHTCArtLDpPvye8zV/0E4EyYn43P7/7qvQwPh9BGkHewbMulVntbigmcT7rdX3BNo9wRJg==
